
Microsoft Visual Studio Solution File, Format Version 12.00
# Visual Studio Version 17
VisualStudioVersion = 17.4.33213.308
MinimumVisualStudioVersion = 10.0.40219.1
Project("{9A19103F-16F7-4668-BE54-9A1E7A4F7556}") = "BusinessTier", "BusinessTier\BusinessTier.csproj", "{06DE2F69-A022-40B0-A370-104C3006F7A8}"
EndProject
Project("{9A19103F-16F7-4668-BE54-9A1E7A4F7556}") = "DataAccess", "DataAccess\DataAccess.csproj", "{62B1681F-CD13-4CEC-A450-99D4857728C9}"
EndProject
Project("{9A19103F-16F7-4668-BE54-9A1E7A4F7556}") = "ASP.NETWebApplication", "ASP.NETWebApplication\ASP.NETWebApplication.csproj", "{E3CC67D4-3C9F-4A25-9B7B-189D3D2B523A}"
EndProject
Project("{FAE04EC0-301F-11D3-BF4B-00C04F79EFBC}") = "API", "API\API.csproj", "{1C2F6161-CD47-439A-ABD3-C845D04E2594}"
EndProject
Global
	GlobalSection(SolutionConfigurationPlatforms) = preSolution
		Debug|Any CPU = Debug|Any CPU
		Release|Any CPU = Release|Any CPU
	EndGlobalSection
	GlobalSection(ProjectConfigurationPlatforms) = postSolution
		{06DE2F69-A022-40B0-A370-104C3006F7A8}.Debug|Any CPU.ActiveCfg = Debug|Any CPU
		{06DE2F69-A022-40B0-A370-104C3006F7A8}.Debug|Any CPU.Build.0 = Debug|Any CPU
		{06DE2F69-A022-40B0-A370-104C3006F7A8}.Release|Any CPU.ActiveCfg = Release|Any CPU
		{06DE2F69-A022-40B0-A370-104C3006F7A8}.Release|Any CPU.Build.0 = Release|Any CPU
		{62B1681F-CD13-4CEC-A450-99D4857728C9}.Debug|Any CPU.ActiveCfg = Debug|Any CPU
		{62B1681F-CD13-4CEC-A450-99D4857728C9}.Debug|Any CPU.Build.0 = Debug|Any CPU
		{62B1681F-CD13-4CEC-A450-99D4857728C9}.Release|Any CPU.ActiveCfg = Release|Any CPU
		{62B1681F-CD13-4CEC-A450-99D4857728C9}.Release|Any CPU.Build.0 = Release|Any CPU
		{E3CC67D4-3C9F-4A25-9B7B-189D3D2B523A}.Debug|Any CPU.ActiveCfg = Debug|Any CPU
		{E3CC67D4-3C9F-4A25-9B7B-189D3D2B523A}.Debug|Any CPU.Build.0 = Debug|Any CPU
		{E3CC67D4-3C9F-4A25-9B7B-189D3D2B523A}.Release|Any CPU.ActiveCfg = Release|Any CPU
		{E3CC67D4-3C9F-4A25-9B7B-189D3D2B523A}.Release|Any CPU.Build.0 = Release|Any CPU
		{1C2F6161-CD47-439A-ABD3-C845D04E2594}.Debug|Any CPU.ActiveCfg = Debug|Any CPU
		{1C2F6161-CD47-439A-ABD3-C845D04E2594}.Debug|Any CPU.Build.0 = Debug|Any CPU
		{1C2F6161-CD47-439A-ABD3-C845D04E2594}.Release|Any CPU.ActiveCfg = Release|Any CPU
		{1C2F6161-CD47-439A-ABD3-C845D04E2594}.Release|Any CPU.Build.0 = Release|Any CPU
	EndGlobalSection
	GlobalSection(SolutionProperties) = preSolution
		HideSolutionNode = FALSE
	EndGlobalSection
	GlobalSection(ExtensibilityGlobals) = postSolution
		SolutionGuid = {A91E0BB1-6B2A-44B1-8340-E98F1A9DFDE8}
	EndGlobalSection
EndGlobal
